# THIS IS AN AUTOGENERATED FILE. DO NOT EDIT THIS FILE DIRECTLY.
# yarn lockfile v1


"@openapitools/openapi-generator-cli@^1.0.10-4.2.3":
  version "1.0.10-4.2.3"
  resolved "https://registry.yarnpkg.com/@openapitools/openapi-generator-cli/-/openapi-generator-cli-1.0.10-4.2.3.tgz#4b934362efb9262fc236d4fb81b381e29bdb8245"
  integrity sha512-Xo4rbz3aPiObpVS8oBUR0pHWYU5WBG/bmsJg16yCG7/vpGE8o1YsROTWMFfaMepWfxESrLP5XOqlBkZqbre7dw==
